
Microsoft Visual Studio Solution File, Format Version 12.00
# Visual Studio Version 17
VisualStudioVersion = 17.9.34723.18
MinimumVisualStudioVersion = 10.0.40219.1
Project("{FAE04EC0-301F-11D3-BF4B-00C04F79EFBC}") = "WebApi", "WebApi\WebApi.csproj", "{E7C6AB5C-1336-48A6-B615-558FD4E6CE10}"
EndProject
Project("{FAE04EC0-301F-11D3-BF4B-00C04F79EFBC}") = "Persistance", "Persistance\Persistance.csproj", "{EA3DDB1D-8269-42FD-BDD1-A13166ADF5D9}"
EndProject
Project("{FAE04EC0-301F-11D3-BF4B-00C04F79EFBC}") = "Domain", "Domain\Domain.csproj", "{446AFFED-266B-4FEB-9146-EB9A58F685F0}"
EndProject
Project("{FAE04EC0-301F-11D3-BF4B-00C04F79EFBC}") = "Application", "Application\Application.csproj", "{362C0A4C-8C7D-4E74-91EB-7AA7E5BCE503}"
EndProject
Project("{FAE04EC0-301F-11D3-BF4B-00C04F79EFBC}") = "Infrastructure", "Infrastructure\Infrastructure.csproj", "{421FC0F1-34DA-4FE0-9CCF-E06716D089AB}"
EndProject
Global
	GlobalSection(SolutionConfigurationPlatforms) = preSolution
		Debug|Any CPU = Debug|Any CPU
		Release|Any CPU = Release|Any CPU
	EndGlobalSection
	GlobalSection(ProjectConfigurationPlatforms) = postSolution
		{E7C6AB5C-1336-48A6-B615-558FD4E6CE10}.Debug|Any CPU.ActiveCfg = Debug|Any CPU
		{E7C6AB5C-1336-48A6-B615-558FD4E6CE10}.Debug|Any CPU.Build.0 = Debug|Any CPU
		{E7C6AB5C-1336-48A6-B615-558FD4E6CE10}.Release|Any CPU.ActiveCfg = Release|Any CPU
		{E7C6AB5C-1336-48A6-B615-558FD4E6CE10}.Release|Any CPU.Build.0 = Release|Any CPU
		{EA3DDB1D-8269-42FD-BDD1-A13166ADF5D9}.Debug|Any CPU.ActiveCfg = Debug|Any CPU
		{EA3DDB1D-8269-42FD-BDD1-A13166ADF5D9}.Debug|Any CPU.Build.0 = Debug|Any CPU
		{EA3DDB1D-8269-42FD-BDD1-A13166ADF5D9}.Release|Any CPU.ActiveCfg = Release|Any CPU
		{EA3DDB1D-8269-42FD-BDD1-A13166ADF5D9}.Release|Any CPU.Build.0 = Release|Any CPU
		{446AFFED-266B-4FEB-9146-EB9A58F685F0}.Debug|Any CPU.ActiveCfg = Debug|Any CPU
		{446AFFED-266B-4FEB-9146-EB9A58F685F0}.Debug|Any CPU.Build.0 = Debug|Any CPU
		{446AFFED-266B-4FEB-9146-EB9A58F685F0}.Release|Any CPU.ActiveCfg = Release|Any CPU
		{446AFFED-266B-4FEB-9146-EB9A58F685F0}.Release|Any CPU.Build.0 = Release|Any CPU
		{362C0A4C-8C7D-4E74-91EB-7AA7E5BCE503}.Debug|Any CPU.ActiveCfg = Debug|Any CPU
		{362C0A4C-8C7D-4E74-91EB-7AA7E5BCE503}.Debug|Any CPU.Build.0 = Debug|Any CPU
		{362C0A4C-8C7D-4E74-91EB-7AA7E5BCE503}.Release|Any CPU.ActiveCfg = Release|Any CPU
		{362C0A4C-8C7D-4E74-91EB-7AA7E5BCE503}.Release|Any CPU.Build.0 = Release|Any CPU
		{421FC0F1-34DA-4FE0-9CCF-E06716D089AB}.Debug|Any CPU.ActiveCfg = Debug|Any CPU
		{421FC0F1-34DA-4FE0-9CCF-E06716D089AB}.Debug|Any CPU.Build.0 = Debug|Any CPU
		{421FC0F1-34DA-4FE0-9CCF-E06716D089AB}.Release|Any CPU.ActiveCfg = Release|Any CPU
		{421FC0F1-34DA-4FE0-9CCF-E06716D089AB}.Release|Any CPU.Build.0 = Release|Any CPU
	EndGlobalSection
	GlobalSection(SolutionProperties) = preSolution
		HideSolutionNode = FALSE
	EndGlobalSection
	GlobalSection(ExtensibilityGlobals) = postSolution
		SolutionGuid = {DB1D9644-262C-42BA-AB28-A33A829CE61F}
	EndGlobalSection
EndGlobal
